// !$*UTF8*$!
{
	archiveVersion = 1;
	classes = {
	};
	objectVersion = 46;
	objects = {

/* Begin PBXBuildFile section */
		0E1C41F71A5C4F970096FB1E /* main.m in Sources */ = {isa = PBXBuildFile; fileRef = 0E1C41F61A5C4F970096FB1E /* main.m */; };
		0E1C41FA1A5C4F970096FB1E /* AppDelegate.m in Sources */ = {isa = PBXBuildFile; fileRef = 0E1C41F91A5C4F970096FB1E /* AppDelegate.m */; };
		0E1C41FD1A5C4F970096FB1E /* ViewController.m in Sources */ = {isa = PBXBuildFile; fileRef = 0E1C41FC1A5C4F970096FB1E /* ViewController.m */; };
		0E1C42001A5C4F980096FB1E /* Main.storyboard in Resources */ = {isa = PBXBuildFile; fileRef = 0E1C41FE1A5C4F980096FB1E /* Main.storyboard */; };
		0E1C42021A5C4F980096FB1E /* Images.xcassets in Resources */ = {isa = PBXBuildFile; fileRef = 0E1C42011A5C4F980096FB1E /* Images.xcassets */; };
		0E1C42051A5C4F980096FB1E /* LaunchScreen.xib in Resources */ = {isa = PBXBuildFile; fileRef = 0E1C42031A5C4F980096FB1E /* LaunchScreen.xib */; };
		0E1C42111A5C4F990096FB1E /* TaggingPhotosTests.m in Sources */ = {isa = PBXBuildFile; fileRef = 0E1C42101A5C4F990096FB1E /* TaggingPhotosTests.m */; };
		0E1C421C1A5C503A0096FB1E /* UIKit.framework in Frameworks */ = {isa = PBXBuildFile; fileRef = 0E1C421B1A5C503A0096FB1E /* UIKit.framework */; };
		0E1C421E1A5C50490096FB1E /* CoreGraphics.framework in Frameworks */ = {isa = PBXBuildFile; fileRef = 0E1C421D1A5C50490096FB1E /* CoreGraphics.framework */; };
		0E1C42201A5C50540096FB1E /* Foundation.framework in Frameworks */ = {isa = PBXBuildFile; fileRef = 0E1C421F1A5C50540096FB1E /* Foundation.framework */; };
		0E1C42241A5C53030096FB1E /* CollectionViewController.m in Sources */ = {isa = PBXBuildFile; fileRef = 0E1C42231A5C53030096FB1E /* CollectionViewController.m */; };
		0E1C42281A5C53F40096FB1E /* ImageProperties.m in Sources */ = {isa = PBXBuildFile; fileRef = 0E1C42271A5C53F40096FB1E /* ImageProperties.m */; };
		0E1C422B1A5C549E0096FB1E /* WebConnection.m in Sources */ = {isa = PBXBuildFile; fileRef = 0E1C422A1A5C549E0096FB1E /* WebConnection.m */; };
		0E1C422E1A5C555A0096FB1E /* JSON.m in Sources */ = {isa = PBXBuildFile; fileRef = 0E1C422D1A5C555A0096FB1E /* JSON.m */; };
		0E1C42311A5C57440096FB1E /* NewMainOperation.m in Sources */ = {isa = PBXBuildFile; fileRef = 0E1C42301A5C57440096FB1E /* NewMainOperation.m */; };
/* End PBXBuildFile section */

/* Begin PBXContainerItemProxy section */
		0E1C420B1A5C4F990096FB1E /* PBXContainerItemProxy */ = {
			isa = PBXContainerItemProxy;
			containerPortal = 0E1C41E91A5C4F960096FB1E /* Project object */;
			proxyType = 1;
			remoteGlobalIDString = 0E1C41F01A5C4F960096FB1E;
			remoteInfo = TaggingPhotos;
		};
/* End PBXContainerItemProxy section */

/* Begin PBXFileReference section */
		0E1C41F11A5C4F960096FB1E /* TaggingPhotos.app */ = {isa = PBXFileReference; explicitFileType = wrapper.application; includeInIndex = 0; path = TaggingPhotos.app; sourceTree = BUILT_PRODUCTS_DIR; };
		0E1C41F51A5C4F970096FB1E /* Info.plist */ = {isa = PBXFileReference; lastKnownFileType = text.plist.xml; path = Info.plist; sourceTree = "<group>"; };
		0E1C41F61A5C4F970096FB1E /* main.m */ = {isa = PBXFileReference; lastKnownFileType = sourcecode.c.objc; path = main.m; sourceTree = "<group>"; };
		0E1C41F81A5C4F970096FB1E /* AppDelegate.h */ = {isa = PBXFileReference; lastKnownFileType = sourcecode.c.h; path = AppDelegate.h; sourceTree = "<group>"; };
		0E1C41F91A5C4F970096FB1E /* AppDelegate.m */ = {isa = PBXFileReference; lastKnownFileType = sourcecode.c.objc; path = AppDelegate.m; sourceTree = "<group>"; };
		0E1C41FB1A5C4F970096FB1E /* ViewController.h */ = {isa = PBXFileReference; lastKnownFileType = sourcecode.c.h; name = ViewController.h; path = ../ViewController.h; sourceTree = "<group>"; };
		0E1C41FC1A5C4F970096FB1E /* ViewController.m */ = {isa = PBXFileReference; lastKnownFileType = sourcecode.c.objc; name = ViewController.m; path = ../ViewController.m; sourceTree = "<group>"; };
		0E1C41FF1A5C4F980096FB1E /* Base */ = {isa = PBXFileReference; lastKnownFileType = file.storyboard; name = Base; path = Base.lproj/Main.storyboard; sourceTree = "<group>"; };
		0E1C42011A5C4F980096FB1E /* Images.xcassets */ = {isa = PBXFileReference; lastKnownFileType = folder.assetcatalog; path = Images.xcassets; sourceTree = "<group>"; };
		0E1C42041A5C4F980096FB1E /* Base */ = {isa = PBXFileReference; lastKnownFileType = file.xib; name = Base; path = Base.lproj/LaunchScreen.xib; sourceTree = "<group>"; };
		0E1C420A1A5C4F990096FB1E /* TaggingPhotosTests.xctest */ = {isa = PBXFileReference; explicitFileType = wrapper.cfbundle; includeInIndex = 0; path = TaggingPhotosTests.xctest; sourceTree = BUILT_PRODUCTS_DIR; };
		0E1C420F1A5C4F990096FB1E /* Info.plist */ = {isa = PBXFileReference; lastKnownFileType = text.plist.xml; path = Info.plist; sourceTree = "<group>"; };
		0E1C42101A5C4F990096FB1E /* TaggingPhotosTests.m */ = {isa = PBXFileReference; lastKnownFileType = sourcecode.c.objc; path = TaggingPhotosTests.m; sourceTree = "<group>"; };
		0E1C421B1A5C503A0096FB1E /* UIKit.framework */ = {isa = PBXFileReference; lastKnownFileType = wrapper.framework; name = UIKit.framework; path = System/Library/Frameworks/UIKit.framework; sourceTree = SDKROOT; };
		0E1C421D1A5C50490096FB1E /* CoreGraphics.framework */ = {isa = PBXFileReference; lastKnownFileType = wrapper.framework; name = CoreGraphics.framework; path = System/Library/Frameworks/CoreGraphics.framework; sourceTree = SDKROOT; };
		0E1C421F1A5C50540096FB1E /* Foundation.framework */ = {isa = PBXFileReference; lastKnownFileType = wrapper.framework; name = Foundation.framework; path = System/Library/Frameworks/Foundation.framework; sourceTree = SDKROOT; };
		0E1C42221A5C53030096FB1E /* CollectionViewController.h */ = {isa = PBXFileReference; fileEncoding = 4; lastKnownFileType = sourcecode.c.h; path = CollectionViewController.h; sourceTree = "<group>"; };
		0E1C42231A5C53030096FB1E /* CollectionViewController.m */ = {isa = PBXFileReference; fileEncoding = 4; lastKnownFileType = sourcecode.c.objc; path = CollectionViewController.m; sourceTree = "<group>"; };
		0E1C42261A5C53F40096FB1E /* ImageProperties.h */ = {isa = PBXFileReference; fileEncoding = 4; lastKnownFileType = sourcecode.c.h; path = ImageProperties.h; sourceTree = "<group>"; };
		0E1C42271A5C53F40096FB1E /* ImageProperties.m */ = {isa = PBXFileReference; fileEncoding = 4; lastKnownFileType = sourcecode.c.objc; path = ImageProperties.m; sourceTree = "<group>"; };
		0E1C42291A5C549E0096FB1E /* WebConnection.h */ = {isa = PBXFileReference; fileEncoding = 4; lastKnownFileType = sourcecode.c.h; path = WebConnection.h; sourceTree = "<group>"; };
		0E1C422A1A5C549E0096FB1E /* WebConnection.m */ = {isa = PBXFileReference; fileEncoding = 4; lastKnownFileType = sourcecode.c.objc; path = WebConnection.m; sourceTree = "<group>"; };
		0E1C422C1A5C555A0096FB1E /* JSON.h */ = {isa = PBXFileReference; fileEncoding = 4; lastKnownFileType = sourcecode.c.h; path = JSON.h; sourceTree = "<group>"; };
		0E1C422D1A5C555A0096FB1E /* JSON.m */ = {isa = PBXFileReference; fileEncoding = 4; lastKnownFileType = sourcecode.c.objc; path = JSON.m; sourceTree = "<group>"; };
		0E1C422F1A5C57440096FB1E /* NewMainOperation.h */ = {isa = PBXFileReference; fileEncoding = 4; lastKnownFileType = sourcecode.c.h; path = NewMainOperation.h; sourceTree = "<group>"; };
		0E1C42301A5C57440096FB1E /* NewMainOperation.m */ = {isa = PBXFileReference; fileEncoding = 4; lastKnownFileType = sourcecode.c.objc; path = NewMainOperation.m; sourceTree = "<group>"; };
/* End PBXFileReference section */

/* Begin PBXFrameworksBuildPhase section */
		0E1C41EE1A5C4F960096FB1E /* Frameworks */ = {
			isa = PBXFrameworksBuildPhase;
			buildActionMask = 2147483647;
			files = (
				0E1C42201A5C50540096FB1E /* Foundation.framework in Frameworks */,
				0E1C421E1A5C50490096FB1E /* CoreGraphics.framework in Frameworks */,
				0E1C421C1A5C503A0096FB1E /* UIKit.framework in Frameworks */,
			);
			runOnlyForDeploymentPostprocessing = 0;
		};
		0E1C42071A5C4F990096FB1E /* Frameworks */ = {
			isa = PBXFrameworksBuildPhase;
			buildActionMask = 2147483647;
			files = (
			);
			runOnlyForDeploymentPostprocessing = 0;
		};
/* End PBXFrameworksBuildPhase section */

/* Begin PBXGroup section */
		0E1C41E81A5C4F960096FB1E = {
			isa = PBXGroup;
			children = (
				0E1C41F31A5C4F960096FB1E /* TaggingPhotos */,
				0E1C421A1A5C50150096FB1E /* Frameworks */,
				0E1C420D1A5C4F990096FB1E /* TaggingPhotosTests */,
				0E1C41F21A5C4F960096FB1E /* Products */,
			);
			sourceTree = "<group>";
		};
		0E1C41F21A5C4F960096FB1E /* Products */ = {
			isa = PBXGroup;
			children = (
				0E1C41F11A5C4F960096FB1E /* TaggingPhotos.app */,
				0E1C420A1A5C4F990096FB1E /* TaggingPhotosTests.xctest */,
			);
			name = Products;
			sourceTree = "<group>";
		};
		0E1C41F31A5C4F960096FB1E /* TaggingPhotos */ = {
			isa = PBXGroup;
			children = (
				0E1C41F81A5C4F970096FB1E /* AppDelegate.h */,
				0E1C41F91A5C4F970096FB1E /* AppDelegate.m */,
				0E1C42211A5C52B90096FB1E /* ViewControllers */,
				0E1C42251A5C536A0096FB1E /* Model */,
				0E1C41FE1A5C4F980096FB1E /* Main.storyboard */,
				0E1C42011A5C4F980096FB1E /* Images.xcassets */,
				0E1C42031A5C4F980096FB1E /* LaunchScreen.xib */,
				0E1C41F41A5C4F960096FB1E /* Supporting Files */,
			);
			path = TaggingPhotos;
			sourceTree = "<group>";
		};
		0E1C41F41A5C4F960096FB1E /* Supporting Files */ = {
			isa = PBXGroup;
			children = (
				0E1C41F51A5C4F970096FB1E /* Info.plist */,
				0E1C41F61A5C4F970096FB1E /* main.m */,
			);
			name = "Supporting Files";
			sourceTree = "<group>";
		};
		0E1C420D1A5C4F990096FB1E /* TaggingPhotosTests */ = {
			isa = PBXGroup;
			children = (
				0E1C42101A5C4F990096FB1E /* TaggingPhotosTests.m */,
				0E1C420E1A5C4F990096FB1E /* Supporting Files */,
			);
			path = TaggingPhotosTests;
			sourceTree = "<group>";
		};
		0E1C420E1A5C4F990096FB1E /* Supporting Files */ = {
			isa = PBXGroup;
			children = (
				0E1C420F1A5C4F990096FB1E /* Info.plist */,
			);
			name = "Supporting Files";
			sourceTree = "<group>";
		};
		0E1C421A1A5C50150096FB1E /* Frameworks */ = {
			isa = PBXGroup;
			children = (
				0E1C421F1A5C50540096FB1E /* Foundation.framework */,
				0E1C421D1A5C50490096FB1E /* CoreGraphics.framework */,
				0E1C421B1A5C503A0096FB1E /* UIKit.framework */,
			);
			path = Frameworks;
			sourceTree = "<group>";
		};
		0E1C42211A5C52B90096FB1E /* ViewControllers */ = {
			isa = PBXGroup;
			children = (
				0E1C41FB1A5C4F970096FB1E /* ViewController.h */,
				0E1C41FC1A5C4F970096FB1E /* ViewController.m */,
				0E1C42221A5C53030096FB1E /* CollectionViewController.h */,
				0E1C42231A5C53030096FB1E /* CollectionViewController.m */,
			);
			path = ViewControllers;
			sourceTree = "<group>";
		};
		0E1C42251A5C536A0096FB1E /* Model */ = {
			isa = PBXGroup;
			children = (
				0E1C42261A5C53F40096FB1E /* ImageProperties.h */,
				0E1C42271A5C53F40096FB1E /* ImageProperties.m */,
				0E1C42291A5C549E0096FB1E /* WebConnection.h */,
				0E1C422A1A5C549E0096FB1E /* WebConnection.m */,
				0E1C422C1A5C555A0096FB1E /* JSON.h */,
				0E1C422D1A5C555A0096FB1E /* JSON.m */,
				0E1C422F1A5C57440096FB1E /* NewMainOperation.h */,
				0E1C42301A5C57440096FB1E /* NewMainOperation.m */,
			);
			path = Model;
			sourceTree = "<group>";
		};
/* End PBXGroup section */

/* Begin PBXNativeTarget section */
		0E1C41F01A5C4F960096FB1E /* TaggingPhotos */ = {
			isa = PBXNativeTarget;
			buildConfigurationList = 0E1C42141A5C4F990096FB1E /* Build configuration list for PBXNativeTarget "TaggingPhotos" */;
			buildPhases = (
				0E1C41ED1A5C4F960096FB1E /* Sources */,
				0E1C41EE1A5C4F960096FB1E /* Frameworks */,
				0E1C41EF1A5C4F960096FB1E /* Resources */,
			);
			buildRules = (
			);
			dependencies = (
			);
			name = TaggingPhotos;
			productName = TaggingPhotos;
			productReference = 0E1C41F11A5C4F960096FB1E /* TaggingPhotos.app */;
			productType = "com.apple.product-type.application";
		};
		0E1C42091A5C4F990096FB1E /* TaggingPhotosTests */ = {
			isa = PBXNativeTarget;
			buildConfigurationList = 0E1C42171A5C4F990096FB1E /* Build configuration list for PBXNativeTarget "TaggingPhotosTests" */;
			buildPhases = (
				0E1C42061A5C4F990096FB1E /* Sources */,
				0E1C42071A5C4F990096FB1E /* Frameworks */,
				0E1C42081A5C4F990096FB1E /* Resources */,
			);
			buildRules = (
			);
			dependencies = (
				0E1C420C1A5C4F990096FB1E /* PBXTargetDependency */,
			);
			name = TaggingPhotosTests;
			productName = TaggingPhotosTests;
			productReference = 0E1C420A1A5C4F990096FB1E /* TaggingPhotosTests.xctest */;
			productType = "com.apple.product-type.bundle.unit-test";
		};
/* End PBXNativeTarget section */

/* Begin PBXProject section */
		0E1C41E91A5C4F960096FB1E /* Project object */ = {
			isa = PBXProject;
			attributes = {
				LastUpgradeCheck = 0610;
				ORGANIZATIONNAME = "LP&E";
				TargetAttributes = {
					0E1C41F01A5C4F960096FB1E = {
						CreatedOnToolsVersion = 6.1;
					};
					0E1C42091A5C4F990096FB1E = {
						CreatedOnToolsVersion = 6.1;
						TestTargetID = 0E1C41F01A5C4F960096FB1E;
					};
				};
			};
			buildConfigurationList = 0E1C41EC1A5C4F960096FB1E /* Build configuration list for PBXProject "TaggingPhotos" */;
			compatibilityVersion = "Xcode 3.2";
			developmentRegion = English;
			hasScannedForEncodings = 0;
			knownRegions = (
				en,
				Base,
			);
			mainGroup = 0E1C41E81A5C4F960096FB1E;
			productRefGroup = 0E1C41F21A5C4F960096FB1E /* Products */;
			projectDirPath = "";
			projectRoot = "";
			targets = (
				0E1C41F01A5C4F960096FB1E /* TaggingPhotos */,
				0E1C42091A5C4F990096FB1E /* TaggingPhotosTests */,
			);
		};
/* End PBXProject section */

/* Begin PBXResourcesBuildPhase section */
		0E1C41EF1A5C4F960096FB1E /* Resources */ = {
			isa = PBXResourcesBuildPhase;
			buildActionMask = 2147483647;
			files = (
				0E1C42001A5C4F980096FB1E /* Main.storyboard in Resources */,
				0E1C42051A5C4F980096FB1E /* LaunchScreen.xib in Resources */,
				0E1C42021A5C4F980096FB1E /* Images.xcassets in Resources */,
			);
			runOnlyForDeploymentPostprocessing = 0;
		};
		0E1C42081A5C4F990096FB1E /* Resources */ = {
			isa = PBXResourcesBuildPhase;
			buildActionMask = 2147483647;
			files = (
			);
			runOnlyForDeploymentPostprocessing = 0;
		};
/* End PBXResourcesBuildPhase section */

/* Begin PBXSourcesBuildPhase section */
		0E1C41ED1A5C4F960096FB1E /* Sources */ = {
			isa = PBXSourcesBuildPhase;
			buildActionMask = 2147483647;
			files = (
				0E1C422B1A5C549E0096FB1E /* WebConnection.m in Sources */,
				0E1C42241A5C53030096FB1E /* CollectionViewController.m in Sources */,
				0E1C41FD1A5C4F970096FB1E /* ViewController.m in Sources */,
				0E1C42281A5C53F40096FB1E /* ImageProperties.m in Sources */,
				0E1C422E1A5C555A0096FB1E /* JSON.m in Sources */,
				0E1C42311A5C57440096FB1E /* NewMainOperation.m in Sources */,
				0E1C41FA1A5C4F970096FB1E /* AppDelegate.m in Sources */,
				0E1C41F71A5C4F970096FB1E /* main.m in Sources */,
			);
			runOnlyForDeploymentPostprocessing = 0;
		};
		0E1C42061A5C4F990096FB1E /* Sources */ = {
			isa = PBXSourcesBuildPhase;
			buildActionMask = 2147483647;
			files = (
				0E1C42111A5C4F990096FB1E /* TaggingPhotosTests.m in Sources */,
			);
			runOnlyForDeploymentPostprocessing = 0;
		};
/* End PBXSourcesBuildPhase section */

/* Begin PBXTargetDependency section */
		0E1C420C1A5C4F990096FB1E /* PBXTargetDependency */ = {
			isa = PBXTargetDependency;
			target = 0E1C41F01A5C4F960096FB1E /* TaggingPhotos */;
			targetProxy = 0E1C420B1A5C4F990096FB1E /* PBXContainerItemProxy */;
		};
/* End PBXTargetDependency section */

/* Begin PBXVariantGroup section */
		0E1C41FE1A5C4F980096FB1E /* Main.storyboard */ = {
			isa = PBXVariantGroup;
			children = (
				0E1C41FF1A5C4F980096FB1E /* Base */,
			);
			name = Main.storyboard;
			sourceTree = "<group>";
		};
		0E1C42031A5C4F980096FB1E /* LaunchScreen.xib */ = {
			isa = PBXVariantGroup;
			children = (
				0E1C42041A5C4F980096FB1E /* Base */,
			);
			name = LaunchScreen.xib;
			sourceTree = "<group>";
		};
/* End PBXVariantGroup section */

/* Begin XCBuildConfiguration section */
		0E1C42121A5C4F990096FB1E /* Debug */ = {
			isa = XCBuildConfiguration;
			buildSettings = {
				ALWAYS_SEARCH_USER_PATHS = NO;
				CLANG_CXX_LANGUAGE_STANDARD = "gnu++0x";
				CLANG_CXX_LIBRARY = "libc++";
				CLANG_ENABLE_MODULES = YES;
				CLANG_ENABLE_OBJC_ARC = YES;
				CLANG_WARN_BOOL_CONVERSION = YES;
				CLANG_WARN_CONSTANT_CONVERSION = YES;
				CLANG_WARN_DIRECT_OBJC_ISA_USAGE = YES_ERROR;
				CLANG_WARN_EMPTY_BODY = YES;
				CLANG_WARN_ENUM_CONVERSION = YES;
				CLANG_WARN_INT_CONVERSION = YES;
				CLANG_WARN_OBJC_ROOT_CLASS = YES_ERROR;
				CLANG_WARN_UNREACHABLE_CODE = YES;
				CLANG_WARN__DUPLICATE_METHOD_MATCH = YES;
				"CODE_SIGN_IDENTITY[sdk=iphoneos*]" = "iPhone Developer";
				COPY_PHASE_STRIP = NO;
				ENABLE_STRICT_OBJC_MSGSEND = YES;
				GCC_C_LANGUAGE_STANDARD = gnu99;
				GCC_DYNAMIC_NO_PIC = NO;
				GCC_OPTIMIZATION_LEVEL = 0;
				GCC_PREPROCESSOR_DEFINITIONS = (
					"DEBUG=1",
					"$(inherited)",
				);
				GCC_SYMBOLS_PRIVATE_EXTERN = NO;
				GCC_WARN_64_TO_32_BIT_CONVERSION = YES;
				GCC_WARN_ABOUT_RETURN_TYPE = YES_ERROR;
				GCC_WARN_UNDECLARED_SELECTOR = YES;
				GCC_WARN_UNINITIALIZED_AUTOS = YES_AGGRESSIVE;
				GCC_WARN_UNUSED_FUNCTION = YES;
				GCC_WARN_UNUSED_VARIABLE = YES;
				IPHONEOS_DEPLOYMENT_TARGET = 8.1;
				MTL_ENABLE_DEBUG_INFO = YES;
				ONLY_ACTIVE_ARCH = YES;
				SDKROOT = iphoneos;
			};
			name = Debug;
		};
		0E1C42131A5C4F990096FB1E /* Release */ = {
			isa = XCBuildConfiguration;
			buildSettings = {
				ALWAYS_SEARCH_USER_PATHS = NO;
				CLANG_CXX_LANGUAGE_STANDARD = "gnu++0x";
				CLANG_CXX_LIBRARY = "libc++";
				CLANG_ENABLE_MODULES = YES;
				CLANG_ENABLE_OBJC_ARC = YES;
				CLANG_WARN_BOOL_CONVERSION = YES;
				CLANG_WARN_CONSTANT_CONVERSION = YES;
				CLANG_WARN_DIRECT_OBJC_ISA_USAGE = YES_ERROR;
				CLANG_WARN_EMPTY_BODY = YES;
				CLANG_WARN_ENUM_CONVERSION = YES;
				CLANG_WARN_INT_CONVERSION = YES;
				CLANG_WARN_OBJC_ROOT_CLASS = YES_ERROR;
				CLANG_WARN_UNREACHABLE_CODE = YES;
				CLANG_WARN__DUPLICATE_METHOD_MATCH = YES;
				"CODE_SIGN_IDENTITY[sdk=iphoneos*]" = "iPhone Developer";
				COPY_PHASE_STRIP = YES;
				ENABLE_NS_ASSERTIONS = NO;
				ENABLE_STRICT_OBJC_MSGSEND = YES;
				GCC_C_LANGUAGE_STANDARD = gnu99;
				GCC_WARN_64_TO_32_BIT_CONVERSION = YES;
				GCC_WARN_ABOUT_RETURN_TYPE = YES_ERROR;
				GCC_WARN_UNDECLARED_SELECTOR = YES;
				GCC_WARN_UNINITIALIZED_AUTOS = YES_AGGRESSIVE;
				GCC_WARN_UNUSED_FUNCTION = YES;
				GCC_WARN_UNUSED_VARIABLE = YES;
				IPHONEOS_DEPLOYMENT_TARGET = 8.1;
				MTL_ENABLE_DEBUG_INFO = NO;
				SDKROOT = iphoneos;
				VALIDATE_PRODUCT = YES;
			};
			name = Release;
		};
		0E1C42151A5C4F990096FB1E /* Debug */ = {
			isa = XCBuildConfiguration;
			buildSettings = {
				ASSETCATALOG_COMPILER_APPICON_NAME = AppIcon;
				INFOPLIST_FILE = TaggingPhotos/Info.plist;
				LD_RUNPATH_SEARCH_PATHS = "$(inherited) @executable_path/Frameworks";
				PRODUCT_NAME = "$(TARGET_NAME)";
			};
			name = Debug;
		};
		0E1C42161A5C4F990096FB1E /* Release */ = {
			isa = XCBuildConfiguration;
			buildSettings = {
				ASSETCATALOG_COMPILER_APPICON_NAME = AppIcon;
				INFOPLIST_FILE = TaggingPhotos/Info.plist;
				LD_RUNPATH_SEARCH_PATHS = "$(inherited) @executable_path/Frameworks";
				PRODUCT_NAME = "$(TARGET_NAME)";
			};
			name = Release;
		};
		0E1C42181A5C4F990096FB1E /* Debug */ = {
			isa = XCBuildConfiguration;
			buildSettings = {
				BUNDLE_LOADER = "$(TEST_HOST)";
				FRAMEWORK_SEARCH_PATHS = (
					"$(SDKROOT)/Developer/Library/Frameworks",
					"$(inherited)",
				);
				GCC_PREPROCESSOR_DEFINITIONS = (
					"DEBUG=1",
					"$(inherited)",
				);
				INFOPLIST_FILE = TaggingPhotosTests/Info.plist;
				LD_RUNPATH_SEARCH_PATHS = "$(inherited) @executable_path/Frameworks @loader_path/Frameworks";
				PRODUCT_NAME = "$(TARGET_NAME)";
				TEST_HOST = "$(BUILT_PRODUCTS_DIR)/TaggingPhotos.app/TaggingPhotos";
			};
			name = Debug;
		};
		0E1C42191A5C4F990096FB1E /* Release */ = {
			isa = XCBuildConfiguration;
			buildSettings = {
				BUNDLE_LOADER = "$(TEST_HOST)";
				FRAMEWORK_SEARCH_PATHS = (
					"$(SDKROOT)/Developer/Library/Frameworks",
					"$(inherited)",
				);
				INFOPLIST_FILE = TaggingPhotosTests/Info.plist;
				LD_RUNPATH_SEARCH_PATHS = "$(inherited) @executable_path/Frameworks @loader_path/Frameworks";
				PRODUCT_NAME = "$(TARGET_NAME)";
				TEST_HOST = "$(BUILT_PRODUCTS_DIR)/TaggingPhotos.app/TaggingPhotos";
			};
			name = Release;
		};
/* End XCBuildConfiguration section */

/* Begin XCConfigurationList section */
		0E1C41EC1A5C4F960096FB1E /* Build configuration list for PBXProject "TaggingPhotos" */ = {
			isa = XCConfigurationList;
			buildConfigurations = (
				0E1C42121A5C4F990096FB1E /* Debug */,
				0E1C42131A5C4F990096FB1E /* Release */,
			);
			defaultConfigurationIsVisible = 0;
			defaultConfigurationName = Release;
		};
		0E1C42141A5C4F990096FB1E /* Build configuration list for PBXNativeTarget "TaggingPhotos" */ = {
			isa = XCConfigurationList;
			buildConfigurations = (
				0E1C42151A5C4F990096FB1E /* Debug */,
				0E1C42161A5C4F990096FB1E /* Release */,
			);
			defaultConfigurationIsVisible = 0;
		};
		0E1C42171A5C4F990096FB1E /* Build configuration list for PBXNativeTarget "TaggingPhotosTests" */ = {
			isa = XCConfigurationList;
			buildConfigurations = (
				0E1C42181A5C4F990096FB1E /* Debug */,
				0E1C42191A5C4F990096FB1E /* Release */,
			);
			defaultConfigurationIsVisible = 0;
		};
/* End XCConfigurationList section */
	};
	rootObject = 0E1C41E91A5C4F960096FB1E /* Project object */;
}
